<?xml version="1.0" encoding="utf-8"?>
<Project ToolsVersion="4.0" xmlns="http://schemas.microsoft.com/developer/msbuild/2003">
  <ItemGroup>
    <Filter Include="ソース ファイル">
      <UniqueIdentifier>{4FC737F1-C7A5-4376-A066-2A32D752A2FF}</UniqueIdentifier>
      <Extensions>cpp;c;cc;cxx;c++;cppm;ixx;def;odl;idl;hpj;bat;asm;asmx</Extensions>
    </Filter>
    <Filter Include="ヘッダー ファイル">
      <UniqueIdentifier>{93995380-89BD-4b04-88EB-625FBE52EBFB}</UniqueIdentifier>
      <Extensions>h;hh;hpp;hxx;h++;hm;inl;inc;ipp;xsd</Extensions>
    </Filter>
    <Filter Include="リソース ファイル">
      <UniqueIdentifier>{67DA6AB6-F800-4c08-8B7A-83BB121AAD01}</UniqueIdentifier>
      <Extensions>rc;ico;cur;bmp;dlg;rc2;rct;bin;rgs;gif;jpg;jpeg;jpe;resx;tiff;tif;png;wav;mfcribbon-ms</Extensions>
    </Filter>
    <Filter Include="Shader">
      <UniqueIdentifier>{b539e994-d2c3-47ee-b8d1-9664954eb0d1}</UniqueIdentifier>
    </Filter>
    <Filter Include="ソース ファイル\Imgui">
      <UniqueIdentifier>{de2a38bc-8d70-487b-9f18-16123d6a6283}</UniqueIdentifier>
    </Filter>
    <Filter Include="ソース ファイル\Bullet">
      <UniqueIdentifier>{fdbadb39-18d4-4f20-9723-38e12f897573}</UniqueIdentifier>
    </Filter>
    <Filter Include="ヘッダー ファイル\Bullet">
      <UniqueIdentifier>{5b270711-5bd7-4581-b54a-a617e3de1be6}</UniqueIdentifier>
    </Filter>
    <Filter Include="ソース ファイル\Model">
      <UniqueIdentifier>{b06af68c-e0bf-406f-be1c-957b7eac040a}</UniqueIdentifier>
    </Filter>
    <Filter Include="ヘッダー ファイル\Model">
      <UniqueIdentifier>{50fa893d-4832-4d46-a5ae-2430f97431fe}</UniqueIdentifier>
    </Filter>
    <Filter Include="ソース ファイル\BulletObject">
      <UniqueIdentifier>{744db295-f5eb-4e7c-854d-284091da4045}</UniqueIdentifier>
    </Filter>
    <Filter Include="ヘッダー ファイル\BulletObject">
      <UniqueIdentifier>{7e67d431-a226-47c6-af68-f6869641434b}</UniqueIdentifier>
    </Filter>
    <Filter Include="ソース ファイル\エディター周り">
      <UniqueIdentifier>{150cf10a-1ee4-48ad-b4cc-a8243646b45a}</UniqueIdentifier>
    </Filter>
    <Filter Include="ソース ファイル\プレイヤー">
      <UniqueIdentifier>{3165e958-2b8f-4379-b988-38db36cf0d0c}</UniqueIdentifier>
    </Filter>
    <Filter Include="ヘッダー ファイル\プレイヤー">
      <UniqueIdentifier>{d153c012-19e7-4bb1-b086-3ae4f3d336de}</UniqueIdentifier>
    </Filter>
    <Filter Include="ヘッダー ファイル\エディター周り">
      <UniqueIdentifier>{6ab0cd87-4c5a-44a3-8046-0feeaf6b7546}</UniqueIdentifier>
    </Filter>
    <Filter Include="ソース ファイル\シーン">
      <UniqueIdentifier>{46053cf5-608b-4e5b-942f-8c6239557b68}</UniqueIdentifier>
    </Filter>
    <Filter Include="ソース ファイル\2D描画">
      <UniqueIdentifier>{c31285d0-7899-49b1-9d0a-d0135b11762a}</UniqueIdentifier>
    </Filter>
    <Filter Include="ヘッダー ファイル\シーン">
      <UniqueIdentifier>{fff7ad04-1e17-4f90-8670-d11f9734230f}</UniqueIdentifier>
    </Filter>
    <Filter Include="ヘッダー ファイル\2D描画">
      <UniqueIdentifier>{153d53f8-56f8-4083-898e-cbf86fed4135}</UniqueIdentifier>
    </Filter>
    <Filter Include="ソース ファイル\input">
      <UniqueIdentifier>{7a3f20be-9592-49ce-89f1-801994819c79}</UniqueIdentifier>
    </Filter>
    <Filter Include="ヘッダー ファイル\input">
      <UniqueIdentifier>{0dd5b00b-bcb3-440b-8f26-82a049791611}</UniqueIdentifier>
    </Filter>
    <Filter Include="ヘッダー ファイル\Fragment">
      <UniqueIdentifier>{2f0a2eab-3067-4031-aadb-0f8d32791894}</UniqueIdentifier>
    </Filter>
    <Filter Include="ソース ファイル\Fragment">
      <UniqueIdentifier>{fc458978-1844-457b-80b2-9cb2f3f9df8e}</UniqueIdentifier>
    </Filter>
    <Filter Include="ソース ファイル\基底クラス">
      <UniqueIdentifier>{416e61fb-27b2-4538-ad9a-cd12d0602544}</UniqueIdentifier>
    </Filter>
    <Filter Include="ヘッダー ファイル\基底クラス">
      <UniqueIdentifier>{ae5a469f-e110-4c81-9e27-a94939cfd89f}</UniqueIdentifier>
    </Filter>
    <Filter Include="ソース ファイル\アンカー">
      <UniqueIdentifier>{0f4f82e8-a35d-4bcc-b7a8-d1551bbcee18}</UniqueIdentifier>
    </Filter>
    <Filter Include="ヘッダー ファイル\プレイヤー\UI">
      <UniqueIdentifier>{1816e899-6d66-4f76-8f5d-4e2d42870f9f}</UniqueIdentifier>
    </Filter>
    <Filter Include="ソース ファイル\プレイヤー\UI">
      <UniqueIdentifier>{19cc7c28-50c4-4173-b1ec-b001083031f6}</UniqueIdentifier>
    </Filter>
    <Filter Include="ヘッダー ファイル\アンカー">
      <UniqueIdentifier>{487af759-651f-49ef-8e97-ae98c61a298e}</UniqueIdentifier>
    </Filter>
  </ItemGroup>
  <ItemGroup>
    <ClCompile Include="main.cpp">
      <Filter>ソース ファイル</Filter>
    </ClCompile>
    <ClCompile Include="renderer.cpp">
      <Filter>ソース ファイル</Filter>
    </ClCompile>
    <ClCompile Include="field.cpp">
      <Filter>ソース ファイル</Filter>
    </ClCompile>
    <ClCompile Include="camera.cpp">
      <Filter>ソース ファイル</Filter>
    </ClCompile>
    <ClCompile Include="vector3.cpp">
      <Filter>ソース ファイル</Filter>
    </ClCompile>
    <ClCompile Include="enemy.cpp">
      <Filter>ソース ファイル</Filter>
    </ClCompile>
    <ClCompile Include="bullet.cpp">
      <Filter>ソース ファイル</Filter>
    </ClCompile>
    <ClCompile Include="explosion.cpp">
      <Filter>ソース ファイル</Filter>
    </ClCompile>
    <ClCompile Include="textureManager.cpp">
      <Filter>ソース ファイル</Filter>
    </ClCompile>
    <ClCompile Include="score.cpp">
      <Filter>ソース ファイル</Filter>
    </ClCompile>
    <ClCompile Include="audio.cpp">
      <Filter>ソース ファイル</Filter>
    </ClCompile>
    <ClCompile Include="meshField.cpp">
      <Filter>ソース ファイル</Filter>
    </ClCompile>
    <ClCompile Include="wave.cpp">
      <Filter>ソース ファイル</Filter>
    </ClCompile>
    <ClCompile Include="Imgui\imgui_widgets.cpp">
      <Filter>ソース ファイル\Imgui</Filter>
    </ClCompile>
    <ClCompile Include="Imgui\imgui.cpp">
      <Filter>ソース ファイル\Imgui</Filter>
    </ClCompile>
    <ClCompile Include="Imgui\imgui_demo.cpp">
      <Filter>ソース ファイル\Imgui</Filter>
    </ClCompile>
    <ClCompile Include="Imgui\imgui_draw.cpp">
      <Filter>ソース ファイル\Imgui</Filter>
    </ClCompile>
    <ClCompile Include="Imgui\imgui_impl_dx11.cpp">
      <Filter>ソース ファイル\Imgui</Filter>
    </ClCompile>
    <ClCompile Include="Imgui\imgui_impl_win32.cpp">
      <Filter>ソース ファイル\Imgui</Filter>
    </ClCompile>
    <ClCompile Include="Imgui\imgui_tables.cpp">
      <Filter>ソース ファイル\Imgui</Filter>
    </ClCompile>
    <ClCompile Include="imgui_manager.cpp">
      <Filter>ソース ファイル</Filter>
    </ClCompile>
    <ClCompile Include="PhysicsCollisionManager.cpp">
      <Filter>ソース ファイル\Bullet</Filter>
    </ClCompile>
    <ClCompile Include="PhysicsManager.cpp">
      <Filter>ソース ファイル\Bullet</Filter>
    </ClCompile>
    <ClCompile Include="BulletDebugDrawer.cpp">
      <Filter>ソース ファイル\Bullet</Filter>
    </ClCompile>
    <ClCompile Include="animationModel.cpp">
      <Filter>ソース ファイル\Model</Filter>
    </ClCompile>
    <ClCompile Include="ModelFBX.cpp">
      <Filter>ソース ファイル\Model</Filter>
    </ClCompile>
    <ClCompile Include="modelRenderer.cpp">
      <Filter>ソース ファイル\Model</Filter>
    </ClCompile>
    <ClCompile Include="GroundBlock.cpp">
      <Filter>ソース ファイル\BulletObject</Filter>
    </ClCompile>
    <ClCompile Include="TreeBlock.cpp">
      <Filter>ソース ファイル\BulletObject</Filter>
    </ClCompile>
    <ClCompile Include="DrawImgui.cpp">
      <Filter>ソース ファイル\エディター周り</Filter>
    </ClCompile>
    <ClCompile Include="EditorObjectCreator.cpp">
      <Filter>ソース ファイル\エディター周り</Filter>
    </ClCompile>
    <ClCompile Include="FPSCamera.cpp">
      <Filter>ソース ファイル</Filter>
    </ClCompile>
    <ClCompile Include="FPSPlayer.cpp">
      <Filter>ソース ファイル\プレイヤー</Filter>
    </ClCompile>
    <ClCompile Include="SkyBox.cpp">
      <Filter>ソース ファイル\プレイヤー</Filter>
    </ClCompile>
    <ClCompile Include="DebugImguiWindow.cpp">
      <Filter>ソース ファイル\エディター周り</Filter>
    </ClCompile>
    <ClCompile Include="spriteAnimator2Dcpp.cpp">
      <Filter>ソース ファイル\2D描画</Filter>
    </ClCompile>
    <ClCompile Include="input.cpp">
      <Filter>ソース ファイル\input</Filter>
    </ClCompile>
    <ClCompile Include="keyboard.cpp">
      <Filter>ソース ファイル\input</Filter>
    </ClCompile>
    <ClCompile Include="RockTallBlock_A.cpp">
      <Filter>ソース ファイル\BulletObject</Filter>
    </ClCompile>
    <ClCompile Include="scene.cpp">
      <Filter>ソース ファイル\シーン</Filter>
    </ClCompile>
    <ClCompile Include="result.cpp">
      <Filter>ソース ファイル\シーン</Filter>
    </ClCompile>
    <ClCompile Include="game.cpp">
      <Filter>ソース ファイル\シーン</Filter>
    </ClCompile>
    <ClCompile Include="manager.cpp">
      <Filter>ソース ファイル\シーン</Filter>
    </ClCompile>
    <ClCompile Include="title.cpp">
      <Filter>ソース ファイル\シーン</Filter>
    </ClCompile>
    <ClCompile Include="triangleMeshFragment.cpp">
      <Filter>ソース ファイル\Fragment</Filter>
    </ClCompile>
    <ClCompile Include="meshDestroyer.cpp">
      <Filter>ソース ファイル\Fragment</Filter>
    </ClCompile>
    <ClCompile Include="gameObject.cpp">
      <Filter>ソース ファイル\基底クラス</Filter>
    </ClCompile>
    <ClCompile Include="PhysicsObject.cpp">
      <Filter>ソース ファイル\基底クラス</Filter>
    </ClCompile>
    <ClCompile Include="fragmentObject.cpp">
      <Filter>ソース ファイル\基底クラス</Filter>
    </ClCompile>
    <ClCompile Include="xInput.cpp">
      <Filter>ソース ファイル\input</Filter>
    </ClCompile>
    <ClCompile Include="anchor.cpp">
      <Filter>ソース ファイル\アンカー</Filter>
    </ClCompile>
    <ClCompile Include="sprite2D.cpp">
      <Filter>ソース ファイル\2D描画</Filter>
    </ClCompile>
    <ClCompile Include="player.cpp">
      <Filter>ソース ファイル\プレイヤー</Filter>
    </ClCompile>
    <ClCompile Include="healthUI.cpp">
      <Filter>ソース ファイル\プレイヤー\UI</Filter>
    </ClCompile>
    <ClCompile Include="editorUICreator.cpp">
      <Filter>ソース ファイル\エディター周り</Filter>
    </ClCompile>
    <ClCompile Include="soulGaugeUI.cpp">
      <Filter>ソース ファイル\プレイヤー\UI</Filter>
    </ClCompile>
    <ClCompile Include="spriteSoulGauge.cpp">
      <Filter>ソース ファイル\2D描画</Filter>
    </ClCompile>
    <ClCompile Include="suncpp.cpp">
      <Filter>ソース ファイル</Filter>
    </ClCompile>
    <ClCompile Include="shaderManager.cpp">
      <Filter>ソース ファイル</Filter>
    </ClCompile>
    <ClCompile Include="chainLink.cpp">
      <Filter>ソース ファイル\アンカー</Filter>
    </ClCompile>
    <ClCompile Include="chainSystem.cpp">
      <Filter>ソース ファイル\アンカー</Filter>
    </ClCompile>
    <ClCompile Include="grass.cpp">
      <Filter>ソース ファイル</Filter>
    </ClCompile>
  </ItemGroup>
  <ItemGroup>
    <ClInclude Include="main.h">
      <Filter>ヘッダー ファイル</Filter>
    </ClInclude>
    <ClInclude Include="renderer.h">
      <Filter>ヘッダー ファイル</Filter>
    </ClInclude>
    <ClInclude Include="field.h">
      <Filter>ヘッダー ファイル</Filter>
    </ClInclude>
    <ClInclude Include="camera.h">
      <Filter>ヘッダー ファイル</Filter>
    </ClInclude>
    <ClInclude Include="vector3.h">
      <Filter>ヘッダー ファイル</Filter>
    </ClInclude>
    <ClInclude Include="debugPrintf.h">
      <Filter>ヘッダー ファイル</Filter>
    </ClInclude>
    <ClInclude Include="component.h">
      <Filter>ヘッダー ファイル</Filter>
    </ClInclude>
    <ClInclude Include="enemy.h">
      <Filter>ヘッダー ファイル</Filter>
    </ClInclude>
    <ClInclude Include="bullet.h">
      <Filter>ヘッダー ファイル</Filter>
    </ClInclude>
    <ClInclude Include="explosion.h">
      <Filter>ヘッダー ファイル</Filter>
    </ClInclude>
    <ClInclude Include="textureManager.h">
      <Filter>ヘッダー ファイル</Filter>
    </ClInclude>
    <ClInclude Include="scene.h">
      <Filter>ヘッダー ファイル</Filter>
    </ClInclude>
    <ClInclude Include="score.h">
      <Filter>ヘッダー ファイル</Filter>
    </ClInclude>
    <ClInclude Include="audio.h">
      <Filter>ヘッダー ファイル</Filter>
    </ClInclude>
    <ClInclude Include="meshField.h">
      <Filter>ヘッダー ファイル</Filter>
    </ClInclude>
    <ClInclude Include="wave.h">
      <Filter>ヘッダー ファイル</Filter>
    </ClInclude>
    <ClInclude Include="Imgui\imstb_rectpack.h">
      <Filter>ソース ファイル\Imgui</Filter>
    </ClInclude>
    <ClInclude Include="Imgui\imstb_textedit.h">
      <Filter>ソース ファイル\Imgui</Filter>
    </ClInclude>
    <ClInclude Include="Imgui\imstb_truetype.h">
      <Filter>ソース ファイル\Imgui</Filter>
    </ClInclude>
    <ClInclude Include="Imgui\imgui.h">
      <Filter>ソース ファイル\Imgui</Filter>
    </ClInclude>
    <ClInclude Include="Imgui\imgui_impl_dx11.h">
      <Filter>ソース ファイル\Imgui</Filter>
    </ClInclude>
    <ClInclude Include="Imgui\imgui_impl_win32.h">
      <Filter>ソース ファイル\Imgui</Filter>
    </ClInclude>
    <ClInclude Include="Imgui\imgui_internal.h">
      <Filter>ソース ファイル\Imgui</Filter>
    </ClInclude>
    <ClInclude Include="imgui_manager.h">
      <Filter>ヘッダー ファイル</Filter>
    </ClInclude>
    <ClInclude Include="BulletDebugDrawer.h">
      <Filter>ヘッダー ファイル\Bullet</Filter>
    </ClInclude>
    <ClInclude Include="PhysicsCollisionManager.h">
      <Filter>ヘッダー ファイル\Bullet</Filter>
    </ClInclude>
    <ClInclude Include="PhysicsManager.h">
      <Filter>ヘッダー ファイル\Bullet</Filter>
    </ClInclude>
    <ClInclude Include="Layer.h">
      <Filter>ヘッダー ファイル</Filter>
    </ClInclude>
    <ClInclude Include="animationModel.h">
      <Filter>ヘッダー ファイル\Model</Filter>
    </ClInclude>
    <ClInclude Include="ModelFBX.h">
      <Filter>ヘッダー ファイル\Model</Filter>
    </ClInclude>
    <ClInclude Include="modelRenderer.h">
      <Filter>ヘッダー ファイル\Model</Filter>
    </ClInclude>
    <ClInclude Include="GroundBlock.h">
      <Filter>ヘッダー ファイル\BulletObject</Filter>
    </ClInclude>
    <ClInclude Include="TreeBlock.h">
      <Filter>ヘッダー ファイル\BulletObject</Filter>
    </ClInclude>
    <ClInclude Include="FPSCamera.h">
      <Filter>ヘッダー ファイル</Filter>
    </ClInclude>
    <ClInclude Include="FPSPlayer.h">
      <Filter>ヘッダー ファイル\プレイヤー</Filter>
    </ClInclude>
    <ClInclude Include="player.h">
      <Filter>ヘッダー ファイル\プレイヤー</Filter>
    </ClInclude>
    <ClInclude Include="SkyBox.h">
      <Filter>ヘッダー ファイル\プレイヤー</Filter>
    </ClInclude>
    <ClInclude Include="DrawImgui.h">
      <Filter>ヘッダー ファイル\エディター周り</Filter>
    </ClInclude>
    <ClInclude Include="EditorObjectCreator.h">
      <Filter>ヘッダー ファイル\エディター周り</Filter>
    </ClInclude>
    <ClInclude Include="DebugImguiWindow.h">
      <Filter>ヘッダー ファイル\エディター周り</Filter>
    </ClInclude>
    <ClInclude Include="spriteAnimator2D.h">
      <Filter>ヘッダー ファイル\2D描画</Filter>
    </ClInclude>
    <ClInclude Include="result.h">
      <Filter>ヘッダー ファイル\シーン</Filter>
    </ClInclude>
    <ClInclude Include="manager.h">
      <Filter>ヘッダー ファイル\シーン</Filter>
    </ClInclude>
    <ClInclude Include="game.h">
      <Filter>ヘッダー ファイル\シーン</Filter>
    </ClInclude>
    <ClInclude Include="RockTallBlock_A.h">
      <Filter>ヘッダー ファイル\BulletObject</Filter>
    </ClInclude>
    <ClInclude Include="keyboard.h">
      <Filter>ヘッダー ファイル\input</Filter>
    </ClInclude>
    <ClInclude Include="input.h">
      <Filter>ヘッダー ファイル\input</Filter>
    </ClInclude>
    <ClInclude Include="title.h">
      <Filter>ヘッダー ファイル\シーン</Filter>
    </ClInclude>
    <ClInclude Include="TriangleMeshBuilder.h">
      <Filter>ヘッダー ファイル\Fragment</Filter>
    </ClInclude>
    <ClInclude Include="triangleMeshFragment.h">
      <Filter>ヘッダー ファイル\Fragment</Filter>
    </ClInclude>
    <ClInclude Include="meshDestroyer.h">
      <Filter>ヘッダー ファイル\Fragment</Filter>
    </ClInclude>
    <ClInclude Include="PhysicsObject.h">
      <Filter>ヘッダー ファイル\基底クラス</Filter>
    </ClInclude>
    <ClInclude Include="gameObject.h">
      <Filter>ヘッダー ファイル\基底クラス</Filter>
    </ClInclude>
    <ClInclude Include="fragmentObject.h">
      <Filter>ヘッダー ファイル\基底クラス</Filter>
    </ClInclude>
    <ClInclude Include="xInput.h">
      <Filter>ヘッダー ファイル\input</Filter>
    </ClInclude>
    <ClInclude Include="sprite2D.h">
      <Filter>ヘッダー ファイル\2D描画</Filter>
    </ClInclude>
    <ClInclude Include="healthUI.h">
      <Filter>ヘッダー ファイル\プレイヤー\UI</Filter>
    </ClInclude>
    <ClInclude Include="editorUICreator.h">
      <Filter>ヘッダー ファイル\エディター周り</Filter>
    </ClInclude>
    <ClInclude Include="soulGaugeUI.h">
      <Filter>ヘッダー ファイル\プレイヤー\UI</Filter>
    </ClInclude>
    <ClInclude Include="spriteSoulGauge.h">
      <Filter>ヘッダー ファイル\2D描画</Filter>
    </ClInclude>
    <ClInclude Include="sun.h">
      <Filter>ヘッダー ファイル</Filter>
    </ClInclude>
    <ClInclude Include="shaderManager.h">
      <Filter>ヘッダー ファイル</Filter>
    </ClInclude>
    <ClInclude Include="shaderType.h">
      <Filter>ヘッダー ファイル</Filter>
    </ClInclude>
    <ClInclude Include="anchor.h">
      <Filter>ヘッダー ファイル\アンカー</Filter>
    </ClInclude>
    <ClInclude Include="chainLink.h">
      <Filter>ヘッダー ファイル\アンカー</Filter>
    </ClInclude>
    <ClInclude Include="chainSystem.h">
      <Filter>ヘッダー ファイル\アンカー</Filter>
    </ClInclude>
    <ClInclude Include="grass.h">
      <Filter>ヘッダー ファイル</Filter>
    </ClInclude>
  </ItemGroup>
  <ItemGroup>
    <FxCompile Include="shader\common.hlsl">
      <Filter>Shader</Filter>
    </FxCompile>
    <FxCompile Include="shader\unlitTexturePS.hlsl">
      <Filter>Shader</Filter>
    </FxCompile>
    <FxCompile Include="shader\unlitTextureVS.hlsl">
      <Filter>Shader</Filter>
    </FxCompile>
    <FxCompile Include="shader\vertexLightingPS.hlsl">
      <Filter>Shader</Filter>
    </FxCompile>
    <FxCompile Include="shader\vertexLightingVS.hlsl">
      <Filter>Shader</Filter>
    </FxCompile>
    <FxCompile Include="shader\FieldPS.hlsl">
      <Filter>Shader</Filter>
    </FxCompile>
    <FxCompile Include="shader\FieldVS.hlsl">
      <Filter>Shader</Filter>
    </FxCompile>
    <FxCompile Include="shader\linePS.hlsl">
      <Filter>Shader</Filter>
    </FxCompile>
    <FxCompile Include="shader\lineVS.hlsl">
      <Filter>Shader</Filter>
    </FxCompile>
    <FxCompile Include="shader\unlitColorPS.hlsl">
      <Filter>Shader</Filter>
    </FxCompile>
    <FxCompile Include="shader\unlitColorVS.hlsl">
      <Filter>Shader</Filter>
    </FxCompile>
    <FxCompile Include="shader\toonShadowCommon.hlsl">
      <Filter>Shader</Filter>
    </FxCompile>
    <FxCompile Include="shader\toonShadowPS.hlsl">
      <Filter>Shader</Filter>
    </FxCompile>
    <FxCompile Include="shader\toonShadowVS.hlsl">
      <Filter>Shader</Filter>
    </FxCompile>
    <FxCompile Include="shader\shadowMapPS.hlsl">
      <Filter>Shader</Filter>
    </FxCompile>
    <FxCompile Include="shader\shadowMapVS.hlsl">
      <Filter>Shader</Filter>
    </FxCompile>
    <FxCompile Include="shader\flatShadedRimVS.hlsl">
      <Filter>Shader</Filter>
    </FxCompile>
    <FxCompile Include="shader\flatShadedRimPS.hlsl">
      <Filter>Shader</Filter>
    </FxCompile>
    <FxCompile Include="shader\flatShadedCommon.hlsl">
      <Filter>Shader</Filter>
    </FxCompile>
  </ItemGroup>
</Project>